
Microsoft Visual Studio Solution File, Format Version 12.00
# Visual Studio 15
Project("{FAE04EC0-301F-11D3-BF4B-00C04F79EFBC}") = "300TDi", "Assembly-CSharp.csproj", "{ABC6A297-BB6D-279D-365A-EA19735EFF91}"
EndProject
Project("{FAE04EC0-301F-11D3-BF4B-00C04F79EFBC}") = "300TDi", "Assembly-CSharp-Editor.csproj", "{211D1D51-D1EE-7750-EB61-79051803A28F}"
EndProject
Global
	GlobalSection(SolutionConfigurationPlatforms) = preSolution
		Debug|Any CPU = Debug|Any CPU
		Release|Any CPU = Release|Any CPU
	EndGlobalSection
	GlobalSection(ProjectConfigurationPlatforms) = postSolution
		{ABC6A297-BB6D-279D-365A-EA19735EFF91}.Debug|Any CPU.ActiveCfg = Debug|Any CPU
		{ABC6A297-BB6D-279D-365A-EA19735EFF91}.Debug|Any CPU.Build.0 = Debug|Any CPU
		{ABC6A297-BB6D-279D-365A-EA19735EFF91}.Release|Any CPU.ActiveCfg = Release|Any CPU
		{ABC6A297-BB6D-279D-365A-EA19735EFF91}.Release|Any CPU.Build.0 = Release|Any CPU
		{211D1D51-D1EE-7750-EB61-79051803A28F}.Debug|Any CPU.ActiveCfg = Debug|Any CPU
		{211D1D51-D1EE-7750-EB61-79051803A28F}.Debug|Any CPU.Build.0 = Debug|Any CPU
		{211D1D51-D1EE-7750-EB61-79051803A28F}.Release|Any CPU.ActiveCfg = Release|Any CPU
		{211D1D51-D1EE-7750-EB61-79051803A28F}.Release|Any CPU.Build.0 = Release|Any CPU
	EndGlobalSection
	GlobalSection(SolutionProperties) = preSolution
		HideSolutionNode = FALSE
	EndGlobalSection
EndGlobal
